github.com/vikassandhu999/ProjectGenerator v0.0.0-20210402180705-e3796577a52b h1:1o5DQMDqzcSms8r54no+CfV+aJEiav4KR7QKhnpHyxI=
github.com/vikassandhu999/ProjectGenerator v0.0.0-20210402180705-e3796577a52b/go.mod h1:f9oGFO61+aYyHQC0TeibZpxbax8+N/Bvo8RODNc3Vfs=
gopkg.in/check.v1 v0.0.0-20161208181325-20d25e280405 h1:yhCVgyC4o1eVCa2tZl7eS0r+SDo693bJlVdllGtEeKM=
gopkg.in/check.v1 v0.0.0-20161208181325-20d25e280405/go.mod h1:Co6ibVJAznAaIkqp8huTwlJQCZ016jof/cbN4VW5Yz0=
gopkg.in/yaml.v2 v2.4.0 h1:D8xgwECY7CYvx+Y2n4sBz93Jn9JRvxdiyyo8CTfuKaY=
gopkg.in/yaml.v2 v2.4.0/go.mod h1:RDklbk79AGWmwhnvt/jBztapEOGDOx6ZbXqjP6csGnQ=
